
Microsoft Visual Studio Solution File, Format Version 12.00
Project("{FAE04EC0-301F-11D3-BF4B-00C04F79EFBC}") = "XmlRpc.Serialization.Tests", "XmlRpc.Serialization.Tests\XmlRpc.Serialization.Tests.csproj", "{885BD403-7FBA-47E0-928F-84C8CF0E819A}"
EndProject
Project("{FAE04EC0-301F-11D3-BF4B-00C04F79EFBC}") = "XmlRpc.Serialization", "XmlRpc.Serialization\XmlRpc.Serialization.csproj", "{8760E61B-E3CA-4986-858B-7B45A4C5614E}"
EndProject
Project("{FAE04EC0-301F-11D3-BF4B-00C04F79EFBC}") = "XmlRpc.Serialization.Generators", "XmlRpc.Serialization.Generators\XmlRpc.Serialization.Generators.csproj", "{EB5AB493-9249-4003-ABC5-8D46A034AE4E}"
EndProject
Global
	GlobalSection(SolutionConfigurationPlatforms) = preSolution
		Debug|Any CPU = Debug|Any CPU
		Release|Any CPU = Release|Any CPU
	EndGlobalSection
	GlobalSection(ProjectConfigurationPlatforms) = postSolution
		{885BD403-7FBA-47E0-928F-84C8CF0E819A}.Debug|Any CPU.ActiveCfg = Debug|Any CPU
		{885BD403-7FBA-47E0-928F-84C8CF0E819A}.Debug|Any CPU.Build.0 = Debug|Any CPU
		{885BD403-7FBA-47E0-928F-84C8CF0E819A}.Release|Any CPU.ActiveCfg = Release|Any CPU
		{885BD403-7FBA-47E0-928F-84C8CF0E819A}.Release|Any CPU.Build.0 = Release|Any CPU
		{8760E61B-E3CA-4986-858B-7B45A4C5614E}.Debug|Any CPU.ActiveCfg = Debug|Any CPU
		{8760E61B-E3CA-4986-858B-7B45A4C5614E}.Debug|Any CPU.Build.0 = Debug|Any CPU
		{8760E61B-E3CA-4986-858B-7B45A4C5614E}.Release|Any CPU.ActiveCfg = Release|Any CPU
		{8760E61B-E3CA-4986-858B-7B45A4C5614E}.Release|Any CPU.Build.0 = Release|Any CPU
		{EB5AB493-9249-4003-ABC5-8D46A034AE4E}.Debug|Any CPU.ActiveCfg = Debug|Any CPU
		{EB5AB493-9249-4003-ABC5-8D46A034AE4E}.Debug|Any CPU.Build.0 = Debug|Any CPU
		{EB5AB493-9249-4003-ABC5-8D46A034AE4E}.Release|Any CPU.ActiveCfg = Release|Any CPU
		{EB5AB493-9249-4003-ABC5-8D46A034AE4E}.Release|Any CPU.Build.0 = Release|Any CPU
	EndGlobalSection
EndGlobal
